
Microsoft Visual Studio Solution File, Format Version 12.00
# Visual Studio Version 17
VisualStudioVersion = 17.10.34928.147
MinimumVisualStudioVersion = 10.0.40219.1
Project("{9A19103F-16F7-4668-BE54-9A1E7A4F7556}") = "filter-basic", "filter-basic\filter-basic.csproj", "{FD1C5A69-002C-459F-872F-B4E8BA92D54A}"
EndProject
Project("{54435603-DBB4-11D2-8724-00A0C9A8B90C}") = "Setup", "Setup\Setup.vdproj", "{53558FB7-60CF-4250-A232-4BD1BB2653E6}"
EndProject
Global
	GlobalSection(SolutionConfigurationPlatforms) = preSolution
		Debug|Any CPU = Debug|Any CPU
		Release|Any CPU = Release|Any CPU
	EndGlobalSection
	GlobalSection(ProjectConfigurationPlatforms) = postSolution
		{FD1C5A69-002C-459F-872F-B4E8BA92D54A}.Debug|Any CPU.ActiveCfg = Debug|Any CPU
		{FD1C5A69-002C-459F-872F-B4E8BA92D54A}.Debug|Any CPU.Build.0 = Debug|Any CPU
		{FD1C5A69-002C-459F-872F-B4E8BA92D54A}.Release|Any CPU.ActiveCfg = Release|Any CPU
		{FD1C5A69-002C-459F-872F-B4E8BA92D54A}.Release|Any CPU.Build.0 = Release|Any CPU
		{53558FB7-60CF-4250-A232-4BD1BB2653E6}.Debug|Any CPU.ActiveCfg = Debug
		{53558FB7-60CF-4250-A232-4BD1BB2653E6}.Release|Any CPU.ActiveCfg = Release
	EndGlobalSection
	GlobalSection(SolutionProperties) = preSolution
		HideSolutionNode = FALSE
	EndGlobalSection
	GlobalSection(ExtensibilityGlobals) = postSolution
		SolutionGuid = {B4BF7816-A081-4AD6-BAC0-7500FA21A513}
	EndGlobalSection
EndGlobal
